
Microsoft Visual Studio Solution File, Format Version 12.00
# Visual Studio Version 17
VisualStudioVersion = 17.0.31903.59
MinimumVisualStudioVersion = 10.0.40219.1
Project("{FAE04EC0-301F-11D3-BF4B-00C04F79EFBC}") = "dapr.microservice.webapi2", "dapr.microservice.webapi2\dapr.microservice.webapi2.csproj", "{5E9D78D1-E326-4577-BC6D-9FA96DF3107D}"
EndProject
Project("{FAE04EC0-301F-11D3-BF4B-00C04F79EFBC}") = "dapr.microservice.webapi", "dapr.microservice.webapi\dapr.microservice.webapi.csproj", "{1687C251-E068-4FBA-958A-A742E8B36A2E}"
EndProject
Global
	GlobalSection(SolutionConfigurationPlatforms) = preSolution
		Debug|Any CPU = Debug|Any CPU
		Debug|x64 = Debug|x64
		Debug|x86 = Debug|x86
		Release|Any CPU = Release|Any CPU
		Release|x64 = Release|x64
		Release|x86 = Release|x86
	EndGlobalSection
	GlobalSection(ProjectConfigurationPlatforms) = postSolution
		{5E9D78D1-E326-4577-BC6D-9FA96DF3107D}.Debug|Any CPU.ActiveCfg = Debug|Any CPU
		{5E9D78D1-E326-4577-BC6D-9FA96DF3107D}.Debug|Any CPU.Build.0 = Debug|Any CPU
		{5E9D78D1-E326-4577-BC6D-9FA96DF3107D}.Debug|x64.ActiveCfg = Debug|Any CPU
		{5E9D78D1-E326-4577-BC6D-9FA96DF3107D}.Debug|x64.Build.0 = Debug|Any CPU
		{5E9D78D1-E326-4577-BC6D-9FA96DF3107D}.Debug|x86.ActiveCfg = Debug|Any CPU
		{5E9D78D1-E326-4577-BC6D-9FA96DF3107D}.Debug|x86.Build.0 = Debug|Any CPU
		{5E9D78D1-E326-4577-BC6D-9FA96DF3107D}.Release|Any CPU.ActiveCfg = Release|Any CPU
		{5E9D78D1-E326-4577-BC6D-9FA96DF3107D}.Release|Any CPU.Build.0 = Release|Any CPU
		{5E9D78D1-E326-4577-BC6D-9FA96DF3107D}.Release|x64.ActiveCfg = Release|Any CPU
		{5E9D78D1-E326-4577-BC6D-9FA96DF3107D}.Release|x64.Build.0 = Release|Any CPU
		{5E9D78D1-E326-4577-BC6D-9FA96DF3107D}.Release|x86.ActiveCfg = Release|Any CPU
		{5E9D78D1-E326-4577-BC6D-9FA96DF3107D}.Release|x86.Build.0 = Release|Any CPU
		{1687C251-E068-4FBA-958A-A742E8B36A2E}.Debug|Any CPU.ActiveCfg = Debug|Any CPU
		{1687C251-E068-4FBA-958A-A742E8B36A2E}.Debug|Any CPU.Build.0 = Debug|Any CPU
		{1687C251-E068-4FBA-958A-A742E8B36A2E}.Debug|x64.ActiveCfg = Debug|Any CPU
		{1687C251-E068-4FBA-958A-A742E8B36A2E}.Debug|x64.Build.0 = Debug|Any CPU
		{1687C251-E068-4FBA-958A-A742E8B36A2E}.Debug|x86.ActiveCfg = Debug|Any CPU
		{1687C251-E068-4FBA-958A-A742E8B36A2E}.Debug|x86.Build.0 = Debug|Any CPU
		{1687C251-E068-4FBA-958A-A742E8B36A2E}.Release|Any CPU.ActiveCfg = Release|Any CPU
		{1687C251-E068-4FBA-958A-A742E8B36A2E}.Release|Any CPU.Build.0 = Release|Any CPU
		{1687C251-E068-4FBA-958A-A742E8B36A2E}.Release|x64.ActiveCfg = Release|Any CPU
		{1687C251-E068-4FBA-958A-A742E8B36A2E}.Release|x64.Build.0 = Release|Any CPU
		{1687C251-E068-4FBA-958A-A742E8B36A2E}.Release|x86.ActiveCfg = Release|Any CPU
		{1687C251-E068-4FBA-958A-A742E8B36A2E}.Release|x86.Build.0 = Release|Any CPU
	EndGlobalSection
	GlobalSection(SolutionProperties) = preSolution
		HideSolutionNode = FALSE
	EndGlobalSection
	GlobalSection(MonoDevelopProperties) = preSolution
		Policies = $0
		$0.StandardHeader = $1
	EndGlobalSection
EndGlobal
